arches:
- arch: x86_64
  module_metadata: []
  packages:
  - checksum: sha256:150d7232faa90f84a09268f8998ee32670eef59cba98612aeb996ab75c4dfcc4
    evr: 2.3.1-4.el9
    name: acl
    repoid: ubi-9-baseos-rpms
    size: 77226
    sourcerpm: acl-2.3.1-4.el9.src.rpm
    url: https://cdn-ubi.redhat.com/content/public/ubi/dist/ubi9/9/x86_64/baseos/os/Packages/a/acl-2.3.1-4.el9.x86_64.rpm
  - checksum: sha256:58286130e67839b931412baa9cb1efcb42d02dc3d1b84caed2ba711773c47ec9
    evr: 2.35.2-54.el9
    name: binutils
    repoid: ubi-9-baseos-rpms
    size: 4816328
    sourcerpm: binutils-2.35.2-54.el9.src.rpm
    url: https://cdn-ubi.redhat.com/content/public/ubi/dist/ubi9/9/x86_64/baseos/os/Packages/b/binutils-2.35.2-54.el9.x86_64.rpm
  - checksum: sha256:44ace5e347a8aaad0ae8a449c5d87f69314def94b45bbd1a22a6bd827b549d95
    evr: 2.35.2-54.el9
    name: binutils-gold
    repoid: ubi-9-baseos-rpms
    size: 752302
    sourcerpm: binutils-2.35.2-54.el9.src.rpm
    url: https://cdn-ubi.redhat.com/content/public/ubi/dist/ubi9/9/x86_64/baseos/os/Packages/b/binutils-gold-2.35.2-54.el9.x86_64.rpm
  - checksum: sha256:b5567c690d46d4f5a2cb13be6a4f962dbe8cc7e821b9d3baa09a4f10c59014d9
    evr: 11.5.0-5.el9_5
    name: cpp
    repoid: ubi-9-appstream-rpms
    size: 11229073
    sourcerpm: gcc-11.5.0-5.el9_5.src.rpm
    url: https://cdn-ubi.redhat.com/content/public/ubi/dist/ubi9/9/x86_64/appstream/os/Packages/c/cpp-11.5.0-5.el9_5.x86_64.rpm
  - checksum: sha256:8551b711718596fbfef6622bbf32f785864959af9d06a76da2545ec9f3a126e7
    evr: 2.9.6-27.el9
    name: cracklib
    repoid: ubi-9-baseos-rpms
    size: 100903
    sourcerpm: cracklib-2.9.6-27.el9.src.rpm
    url: https://cdn-ubi.redhat.com/content/public/ubi/dist/ubi9/9/x86_64/baseos/os/Packages/c/cracklib-2.9.6-27.el9.x86_64.rpm
  - checksum: sha256:ab4356c86bdc996dc9e55703a7ae936e3e46aec6ebf6d6f008e126ff06e83df2
    evr: 2.9.6-27.el9
    name: cracklib-dicts
    repoid: ubi-9-baseos-rpms
    size: 3821230
    sourcerpm: cracklib-2.9.6-27.el9.src.rpm
    url: https://cdn-ubi.redhat.com/content/public/ubi/dist/ubi9/9/x86_64/baseos/os/Packages/c/cracklib-dicts-2.9.6-27.el9.x86_64.rpm
  - checksum: sha256:96b1daa4de0a635ab760a8431fb005022bb7cb48d2d1d3ec9a8adb1798c0e10e
    evr: 1:1.12.20-8.el9
    name: dbus
    repoid: ubi-9-baseos-rpms
    size: 8073
    sourcerpm: dbus-1.12.20-8.el9.src.rpm
    url: https://cdn-ubi.redhat.com/content/public/ubi/dist/ubi9/9/x86_64/baseos/os/Packages/d/dbus-1.12.20-8.el9.x86_64.rpm
  - checksum: sha256:de9869c08df7f6952787d0335b9bf1a09b328bea920556a59af07c8e085dd3cb
    evr: 28-7.el9
    name: dbus-broker
    repoid: ubi-9-baseos-rpms
    size: 179634
    sourcerpm: dbus-broker-28-7.el9.src.rpm
    url: https://cdn-ubi.redhat.com/content/public/ubi/dist/ubi9/9/x86_64/baseos/os/Packages/d/dbus-broker-28-7.el9.x86_64.rpm
  - checksum: sha256:298f1cada3cbcef6713098b9925694a0e30e8566f7a5bdbd72384520cf6c8360
    evr: 1:1.12.20-8.el9
    name: dbus-common
    repoid: ubi-9-baseos-rpms
    size: 18551
    sourcerpm: dbus-1.12.20-8.el9.src.rpm
    url: https://cdn-ubi.redhat.com/content/public/ubi/dist/ubi9/9/x86_64/baseos/os/Packages/d/dbus-common-1.12.20-8.el9.noarch.rpm
  - checksum: sha256:9c26ab1eea196541d9cde34a96acbf8647746ccd0447ad353dec5ec4225826a5
    evr: 0.191-4.el9
    name: elfutils-debuginfod-client
    repoid: ubi-9-baseos-rpms
    size: 39913
    sourcerpm: elfutils-0.191-4.el9.src.rpm
    url: https://cdn-ubi.redhat.com/content/public/ubi/dist/ubi9/9/x86_64/baseos/os/Packages/e/elfutils-debuginfod-client-0.191-4.el9.x86_64.rpm
  - checksum: sha256:e186f5fb020da75279f726a9a09bfefd8c60131157debd9ca0966036fd3b8d70
    evr: 0.191-4.el9
    name: elfutils-default-yama-scope
    repoid: ubi-9-baseos-rpms
    size: 12782
    sourcerpm: elfutils-0.191-4.el9.src.rpm
    url: https://cdn-ubi.redhat.com/content/public/ubi/dist/ubi9/9/x86_64/baseos/os/Packages/e/elfutils-default-yama-scope-0.191-4.el9.noarch.rpm
  - checksum: sha256:9d7a6e028b8db0041ffecb41b5a4c2a3351bc09b098d0285f418f7ee16923e63
    evr: 0.191-4.el9
    name: elfutils-libelf
    repoid: ubi-9-baseos-rpms
    size: 215143
    sourcerpm: elfutils-0.191-4.el9.src.rpm
    url: https://cdn-ubi.redhat.com/content/public/ubi/dist/ubi9/9/x86_64/baseos/os/Packages/e/elfutils-libelf-0.191-4.el9.x86_64.rpm
  - checksum: sha256:d58ed4ac90958033cb2e0f3455e7f229e03e85c86ee43636de925ab1369b50aa
    evr: 0.191-4.el9
    name: elfutils-libs
    repoid: ubi-9-baseos-rpms
    size: 268507
    sourcerpm: elfutils-0.191-4.el9.src.rpm
    url: https://cdn-ubi.redhat.com/content/public/ubi/dist/ubi9/9/x86_64/baseos/os/Packages/e/elfutils-libs-0.191-4.el9.x86_64.rpm
  - checksum: sha256:0c0a41c8f61f7509326ccba340211fcd5638397df397d942fb486f1c37966d13
    evr: 1:27.2-11.el9_5.1
    name: emacs-filesystem
    repoid: ubi-9-appstream-rpms
    size: 9756
    sourcerpm: emacs-27.2-11.el9_5.1.src.rpm
    url: https://cdn-ubi.redhat.com/content/public/ubi/dist/ubi9/9/x86_64/appstream/os/Packages/e/emacs-filesystem-27.2-11.el9_5.1.noarch.rpm
  - checksum: sha256:1f9ac75106263446eff27fb14e002ab228b57459b8830c58f4d1366a9987fbe5
    evr: 2.5.0-3.el9_5.3
    name: expat
    repoid: ubi-9-baseos-rpms
    size: 122357
    sourcerpm: expat-2.5.0-3.el9_5.3.src.rpm
    url: https://cdn-ubi.redhat.com/content/public/ubi/dist/ubi9/9/x86_64/baseos/os/Packages/e/expat-2.5.0-3.el9_5.3.x86_64.rpm
  - checksum: sha256:03c99bc1021dbe54dd93120ed6b5249bbb02dbd5da9e0dc5d8c4a21d674fb1fd
    evr: 11.5.0-5.el9_5
    name: gcc
    repoid: ubi-9-appstream-rpms
    size: 34006000
    sourcerpm: gcc-11.5.0-5.el9_5.src.rpm
    url: https://cdn-ubi.redhat.com/content/public/ubi/dist/ubi9/9/x86_64/appstream/os/Packages/g/gcc-11.5.0-5.el9_5.x86_64.rpm
  - checksum: sha256:57523f07b585c3df994273049dab289e752e774ab8f1231b9919352becbf57d0
    evr: 2.43.5-2.el9_5
    name: git
    repoid: ubi-9-appstream-rpms
    size: 55815
    sourcerpm: git-2.43.5-2.el9_5.src.rpm
    url: https://cdn-ubi.redhat.com/content/public/ubi/dist/ubi9/9/x86_64/appstream/os/Packages/g/git-2.43.5-2.el9_5.x86_64.rpm
  - checksum: sha256:8416822a6000aedc9b3818dd7b297c68f741bd2569f46c888df72f3c5196238d
    evr: 2.43.5-2.el9_5
    name: git-core
    repoid: ubi-9-appstream-rpms
    size: 4651307
    sourcerpm: git-2.43.5-2.el9_5.src.rpm
    url: https://cdn-ubi.redhat.com/content/public/ubi/dist/ubi9/9/x86_64/appstream/os/Packages/g/git-core-2.43.5-2.el9_5.x86_64.rpm
  - checksum: sha256:db2fd25ee56c274d0cdad6baca774e7ac4cadf144604e818ab6c87584d597ffb
    evr: 2.43.5-2.el9_5
    name: git-core-doc
    repoid: ubi-9-appstream-rpms
    size: 3079904
    sourcerpm: git-2.43.5-2.el9_5.src.rpm
    url: https://cdn-ubi.redhat.com/content/public/ubi/dist/ubi9/9/x86_64/appstream/os/Packages/g/git-core-doc-2.43.5-2.el9_5.noarch.rpm
  - checksum: sha256:e11b718441a5034c7dca3f8515862c599716ea7d02254c78287c32de16f3e068
    evr: 2.34-125.el9_5.3
    name: glibc-devel
    repoid: ubi-9-appstream-rpms
    size: 32111
    sourcerpm: glibc-2.34-125.el9_5.3.src.rpm
    url: https://cdn-ubi.redhat.com/content/public/ubi/dist/ubi9/9/x86_64/appstream/os/Packages/g/glibc-devel-2.34-125.el9_5.3.x86_64.rpm
  - checksum: sha256:33d7d6af61db9697b6980d16de47fcd92acd8472c2e6500ac7863ec9feb51391
    evr: 2.34-125.el9_5.3
    name: glibc-headers
    repoid: ubi-9-appstream-rpms
    size: 549855
    sourcerpm: glibc-2.34-125.el9_5.3.src.rpm
    url: https://cdn-ubi.redhat.com/content/public/ubi/dist/ubi9/9/x86_64/appstream/os/Packages/g/glibc-headers-2.34-125.el9_5.3.x86_64.rpm
  - checksum: sha256:4d8ff13569b3b231b3fb847e9e22615c6e08215d1f2c0c78eac2e345b9efd394
    evr: 1.22.4-10.el9
    name: groff-base
    repoid: ubi-9-baseos-rpms
    size: 1133828
    sourcerpm: groff-1.22.4-10.el9.src.rpm
    url: https://cdn-ubi.redhat.com/content/public/ubi/dist/ubi9/9/x86_64/baseos/os/Packages/g/groff-base-1.22.4-10.el9.x86_64.rpm
  - checksum: sha256:c8b3e0414d55b1eedb0185a564ac6cb2368bee2fd5f995447d045f6a714488ac
    evr: 1.12-1.el9
    name: gzip
    repoid: ubi-9-baseos-rpms
    size: 171206
    sourcerpm: gzip-1.12-1.el9.src.rpm
    url: https://cdn-ubi.redhat.com/content/public/ubi/dist/ubi9/9/x86_64/baseos/os/Packages/g/gzip-1.12-1.el9.x86_64.rpm
  - checksum: sha256:24dc9ef1eb84a8e8747aa74dbad7351d55ef7570e3de832255af72b0b680eca0
    evr: 5.14.0-503.38.1.el9_5
    name: kernel-headers
    repoid: ubi-9-appstream-rpms
    size: 3938453
    sourcerpm: kernel-5.14.0-503.38.1.el9_5.src.rpm
    url: https://cdn-ubi.redhat.com/content/public/ubi/dist/ubi9/9/x86_64/appstream/os/Packages/k/kernel-headers-5.14.0-503.38.1.el9_5.x86_64.rpm
  - checksum: sha256:b1bb64b127c611da5b0182ec3405c8b57c6c3af0af7cb64324924cd20d5da4d3
    evr: 1.6.3-1.el9
    name: keyutils-libs-devel
    repoid: ubi-9-appstream-rpms
    size: 66082
    sourcerpm: keyutils-1.6.3-1.el9.src.rpm
    url: https://cdn-ubi.redhat.com/content/public/ubi/dist/ubi9/9/x86_64/appstream/os/Packages/k/keyutils-libs-devel-1.6.3-1.el9.x86_64.rpm
  - checksum: sha256:9ae0b89812908ee50ec654ba35f74dc478057e8981afd4a5cc8d2befd987b342
    evr: 28-10.el9
    name: kmod-libs
    repoid: ubi-9-baseos-rpms
    size: 66607
    sourcerpm: kmod-28-10.el9.src.rpm
    url: https://cdn-ubi.redhat.com/content/public/ubi/dist/ubi9/9/x86_64/baseos/os/Packages/k/kmod-libs-28-10.el9.x86_64.rpm
  - checksum: sha256:e1af73607df1e57d3f39cd53f3028940fb76955888650cdc40cb5a6ac7ce7904
    evr: 1.21.1-4.el9_5
    name: krb5-devel
    repoid: ubi-9-appstream-rpms
    size: 151327
    sourcerpm: krb5-1.21.1-4.el9_5.src.rpm
    url: https://cdn-ubi.redhat.com/content/public/ubi/dist/ubi9/9/x86_64/appstream/os/Packages/k/krb5-devel-1.21.1-4.el9_5.x86_64.rpm
  - checksum: sha256:a726061c966a134a5e5b42b60e4162ee85a2cef8843b6fd28e08264ceebb54f4
    evr: 590-5.el9
    name: less
    repoid: ubi-9-baseos-rpms
    size: 170758
    sourcerpm: less-590-5.el9.src.rpm
    url: https://cdn-ubi.redhat.com/content/public/ubi/dist/ubi9/9/x86_64/baseos/os/Packages/l/less-590-5.el9.x86_64.rpm
  - checksum: sha256:588e8736af3376abfb3cdf372c10baef02c40d916a55958f3bee9767f9ad8526
    evr: 0.7.0-5.el9
    name: libcbor
    repoid: ubi-9-baseos-rpms
    size: 60575
    sourcerpm: libcbor-0.7.0-5.el9.src.rpm
    url: https://cdn-ubi.redhat.com/content/public/ubi/dist/ubi9/9/x86_64/baseos/os/Packages/l/libcbor-0.7.0-5.el9.x86_64.rpm
  - checksum: sha256:ecb7e53402749dd0fa9f95a4f1a1f0aa3bfba1c4d23c306f4029cc39971c9c7b
    evr: 1.46.5-5.el9
    name: libcom_err-devel
    repoid: ubi-9-appstream-rpms
    size: 19183
    sourcerpm: e2fsprogs-1.46.5-5.el9.src.rpm
    url: https://cdn-ubi.redhat.com/content/public/ubi/dist/ubi9/9/x86_64/appstream/os/Packages/l/libcom_err-devel-1.46.5-5.el9.x86_64.rpm
  - checksum: sha256:599dbc91894bde538297d859cd5efd64e95b5b06ffac2c0057b32b1be6c8d9ac
    evr: 5.3.28-54.el9
    name: libdb
    repoid: ubi-9-baseos-rpms
    size: 754801
    sourcerpm: libdb-5.3.28-54.el9.src.rpm
    url: https://cdn-ubi.redhat.com/content/public/ubi/dist/ubi9/9/x86_64/baseos/os/Packages/l/libdb-5.3.28-54.el9.x86_64.rpm
  - checksum: sha256:f7998382ca1be7836f6af05d42dc03f88799abcb10aa7a761e16f74058598012
    evr: 0.4.1-4.el9
    name: libeconf
    repoid: ubi-9-baseos-rpms
    size: 30371
    sourcerpm: libeconf-0.4.1-4.el9.src.rpm
    url: https://cdn-ubi.redhat.com/content/public/ubi/dist/ubi9/9/x86_64/baseos/os/Packages/l/libeconf-0.4.1-4.el9.x86_64.rpm
  - checksum: sha256:9e41ff5754a5dca1308adf9617828934d56cb60d8d08f128f80e4328f69bc78c
    evr: 3.1-38.20210216cvs.el9
    name: libedit
    repoid: ubi-9-baseos-rpms
    size: 109330
    sourcerpm: libedit-3.1-38.20210216cvs.el9.src.rpm
    url: https://cdn-ubi.redhat.com/content/public/ubi/dist/ubi9/9/x86_64/baseos/os/Packages/l/libedit-3.1-38.20210216cvs.el9.x86_64.rpm
  - checksum: sha256:f0c0fc67a144dffcef138044c0a563ac9cdb4fa7b00a8e7c4c77e48e9ca35487
    evr: 2.37.4-20.el9
    name: libfdisk
    repoid: ubi-9-baseos-rpms
    size: 158733
    sourcerpm: util-linux-2.37.4-20.el9.src.rpm
    url: https://cdn-ubi.redhat.com/content/public/ubi/dist/ubi9/9/x86_64/baseos/os/Packages/l/libfdisk-2.37.4-20.el9.x86_64.rpm
  - checksum: sha256:6da940c0528f3e4453db84cb85b402c8f4293a197b1921158df9651edb4845e0
    evr: 1.13.0-2.el9
    name: libfido2
    repoid: ubi-9-baseos-rpms
    size: 102746
    sourcerpm: libfido2-1.13.0-2.el9.src.rpm
    url: https://cdn-ubi.redhat.com/content/public/ubi/dist/ubi9/9/x86_64/baseos/os/Packages/l/libfido2-1.13.0-2.el9.x86_64.rpm
  - checksum: sha256:da7af36960df4b59178f4d7c42353d48c53fbe231e7e62d734a4319748f897a9
    evr: 11.5.0-5.el9_5
    name: libgomp
    repoid: ubi-9-baseos-rpms
    size: 269396
    sourcerpm: gcc-11.5.0-5.el9_5.src.rpm
    url: https://cdn-ubi.redhat.com/content/public/ubi/dist/ubi9/9/x86_64/baseos/os/Packages/l/libgomp-11.5.0-5.el9_5.x86_64.rpm
  - checksum: sha256:78a36d20acc1b9972e16bc230959a8c6e2d90448b7c0c611dde1ddac3e87e653
    evr: 1.21.1-4.el9_5
    name: libkadm5
    repoid: ubi-9-baseos-rpms
    size: 82359
    sourcerpm: krb5-1.21.1-4.el9_5.src.rpm
    url: https://cdn-ubi.redhat.com/content/public/ubi/dist/ubi9/9/x86_64/baseos/os/Packages/l/libkadm5-1.21.1-4.el9_5.x86_64.rpm
  - checksum: sha256:b97b4e98c3c6f41dcfc2ceb4ffa1aba7a338b7cfd9e6c4f63e3160dd3cc033d3
    evr: 1.2.1-4.el9
    name: libmpc
    repoid: ubi-9-appstream-rpms
    size: 66075
    sourcerpm: libmpc-1.2.1-4.el9.src.rpm
    url: https://cdn-ubi.redhat.com/content/public/ubi/dist/ubi9/9/x86_64/appstream/os/Packages/l/libmpc-1.2.1-4.el9.x86_64.rpm
  - checksum: sha256:4feae5941b73640bd86b8d506a657cac5b770043db1464fbcd207721b2159dda
    evr: 1.7.3-10.el9
    name: libpkgconf
    repoid: ubi-9-baseos-rpms
    size: 38387
    sourcerpm: pkgconf-1.7.3-10.el9.src.rpm
    url: https://cdn-ubi.redhat.com/content/public/ubi/dist/ubi9/9/x86_64/baseos/os/Packages/l/libpkgconf-1.7.3-10.el9.x86_64.rpm
  - checksum: sha256:14b7ff2f7fdaf8ebec90261f4619ea7f7c3564c4de8483666de7ed4b1f49b66f
    evr: 1.4.4-8.el9
    name: libpwquality
    repoid: ubi-9-baseos-rpms
    size: 126104
    sourcerpm: libpwquality-1.4.4-8.el9.src.rpm
    url: https://cdn-ubi.redhat.com/content/public/ubi/dist/ubi9/9/x86_64/baseos/os/Packages/l/libpwquality-1.4.4-8.el9.x86_64.rpm
  - checksum: sha256:e2015f60dbe784330d5df43f3f05c68c307694600a636a1706bf86527cc82e82
    evr: 2.5.2-2.el9
    name: libseccomp
    repoid: ubi-9-baseos-rpms
    size: 76200
    sourcerpm: libseccomp-2.5.2-2.el9.src.rpm
    url: https://cdn-ubi.redhat.com/content/public/ubi/dist/ubi9/9/x86_64/baseos/os/Packages/l/libseccomp-2.5.2-2.el9.x86_64.rpm
  - checksum: sha256:44b774df2bbb010b4c0fffdfbe73061af0d4a4d6386f04027deab349c02f9ad3
    evr: 3.6-1.el9
    name: libselinux-devel
    repoid: ubi-9-appstream-rpms
    size: 167247
    sourcerpm: libselinux-3.6-1.el9.src.rpm
    url: https://cdn-ubi.redhat.com/content/public/ubi/dist/ubi9/9/x86_64/appstream/os/Packages/l/libselinux-devel-3.6-1.el9.x86_64.rpm
  - checksum: sha256:3c9725a32552afb8244f619a94ff1c9eda80b883d1311b29df734ac18a7432fb
    evr: 3.6-1.el9
    name: libsepol-devel
    repoid: ubi-9-appstream-rpms
    size: 52617
    sourcerpm: libsepol-3.6-1.el9.src.rpm
    url: https://cdn-ubi.redhat.com/content/public/ubi/dist/ubi9/9/x86_64/appstream/os/Packages/l/libsepol-devel-3.6-1.el9.x86_64.rpm
  - checksum: sha256:0f1df5e0d48c2ac9914bfffa7ed569cd58e42b17ba96bb3f7cf74d1e80de2597
    evr: 1.2.1-6.el9
    name: libutempter
    repoid: ubi-9-baseos-rpms
    size: 30354
    sourcerpm: libutempter-1.2.1-6.el9.src.rpm
    url: https://cdn-ubi.redhat.com/content/public/ubi/dist/ubi9/9/x86_64/baseos/os/Packages/l/libutempter-1.2.1-6.el9.x86_64.rpm
  - checksum: sha256:11c16e7b0475bb1ac3b44c4d9f3f32aa8e9a04c0d195d2a591181fc42db8cf91
    evr: 0.3.2-3.el9
    name: libverto-devel
    repoid: ubi-9-appstream-rpms
    size: 16757
    sourcerpm: libverto-0.3.2-3.el9.src.rpm
    url: https://cdn-ubi.redhat.com/content/public/ubi/dist/ubi9/9/x86_64/appstream/os/Packages/l/libverto-devel-0.3.2-3.el9.x86_64.rpm
  - checksum: sha256:c1d171391a7d2e043a6953efd3df3e01edc9b4c6cdb54517e1608d204a5fce18
    evr: 4.4.18-3.el9
    name: libxcrypt-devel
    repoid: ubi-9-appstream-rpms
    size: 33101
    sourcerpm: libxcrypt-4.4.18-3.el9.src.rpm
    url: https://cdn-ubi.redhat.com/content/public/ubi/dist/ubi9/9/x86_64/appstream/os/Packages/l/libxcrypt-devel-4.4.18-3.el9.x86_64.rpm
  - checksum: sha256:561f0c2251e9217c81a6c88de4d2d9231a039aaab37e8a0d2559d36ce9fa85fd
    evr: 1:4.3-8.el9
    name: make
    repoid: ubi-9-baseos-rpms
    size: 553896
    sourcerpm: make-4.3-8.el9.src.rpm
    url: https://cdn-ubi.redhat.com/content/public/ubi/dist/ubi9/9/x86_64/baseos/os/Packages/m/make-4.3-8.el9.x86_64.rpm
  - checksum: sha256:1b5e5805334bc78c977d7acf02256021a9216e26348a5383cf86dfb0b0c91101
    evr: 6.2-10.20210508.el9
    name: ncurses
    repoid: ubi-9-baseos-rpms
    size: 420158
    sourcerpm: ncurses-6.2-10.20210508.el9.src.rpm
    url: https://cdn-ubi.redhat.com/content/public/ubi/dist/ubi9/9/x86_64/baseos/os/Packages/n/ncurses-6.2-10.20210508.el9.x86_64.rpm
  - checksum: sha256:93feba615ccbc1a1ccc7b495161178838c4af58c5996b6e4234edcf10a8414c9
    evr: 8.7p1-43.el9
    name: openssh
    repoid: ubi-9-baseos-rpms
    size: 477348
    sourcerpm: openssh-8.7p1-43.el9.src.rpm
    url: https://cdn-ubi.redhat.com/content/public/ubi/dist/ubi9/9/x86_64/baseos/os/Packages/o/openssh-8.7p1-43.el9.x86_64.rpm
  - checksum: sha256:61d8b54a0a1add62c57b794b0ee8a5e8ac3369134db5b3c16fa60f6b9b11f1c5
    evr: 8.7p1-43.el9
    name: openssh-clients
    repoid: ubi-9-baseos-rpms
    size: 739678
    sourcerpm: openssh-8.7p1-43.el9.src.rpm
    url: https://cdn-ubi.redhat.com/content/public/ubi/dist/ubi9/9/x86_64/baseos/os/Packages/o/openssh-clients-8.7p1-43.el9.x86_64.rpm
  - checksum: sha256:f379686df99db814e30568a896b417278775fc96864ac6d2660bf48ef94309e3
    evr: 1:3.2.2-6.el9_5.1
    name: openssl
    repoid: ubi-9-baseos-rpms
    size: 1420999
    sourcerpm: openssl-3.2.2-6.el9_5.1.src.rpm
    url: https://cdn-ubi.redhat.com/content/public/ubi/dist/ubi9/9/x86_64/baseos/os/Packages/o/openssl-3.2.2-6.el9_5.1.x86_64.rpm
  - checksum: sha256:30cd1b3dec089a7da71e9167532693bef7c202a5dbe3c010af2a9387106a0b36
    evr: 1:3.2.2-6.el9_5.1
    name: openssl-devel
    repoid: ubi-9-appstream-rpms
    size: 4650823
    sourcerpm: openssl-3.2.2-6.el9_5.1.src.rpm
    url: https://cdn-ubi.redhat.com/content/public/ubi/dist/ubi9/9/x86_64/appstream/os/Packages/o/openssl-devel-3.2.2-6.el9_5.1.x86_64.rpm
  - checksum: sha256:d0c495a13f0c6d0fdefc309086a81e64eb852255ce64a45b766187bd09de41d0
    evr: 1.5.1-22.el9_5
    name: pam
    repoid: ubi-9-baseos-rpms
    size: 647471
    sourcerpm: pam-1.5.1-22.el9_5.src.rpm
    url: https://cdn-ubi.redhat.com/content/public/ubi/dist/ubi9/9/x86_64/baseos/os/Packages/p/pam-1.5.1-22.el9_5.x86_64.rpm
  - checksum: sha256:f2fa0c49019f12b9c01986c1d05ffc83863ac7b47b8e348d6357e7fbdf3b17e3
    evr: 10.40-6.el9
    name: pcre2-devel
    repoid: ubi-9-appstream-rpms
    size: 528624
    sourcerpm: pcre2-10.40-6.el9.src.rpm
    url: https://cdn-ubi.redhat.com/content/public/ubi/dist/ubi9/9/x86_64/appstream/os/Packages/p/pcre2-devel-10.40-6.el9.x86_64.rpm
  - checksum: sha256:935664188bce50473e3c148fc9d71167d3881fc2de9ccc99394c03d00e8ff5b3
    evr: 10.40-6.el9
    name: pcre2-utf16
    repoid: ubi-9-appstream-rpms
    size: 220256
    sourcerpm: pcre2-10.40-6.el9.src.rpm
    url: https://cdn-ubi.redhat.com/content/public/ubi/dist/ubi9/9/x86_64/appstream/os/Packages/p/pcre2-utf16-10.40-6.el9.x86_64.rpm
  - checksum: sha256:d50fc56a1e9710b3374826c82044d4624b6c5949db0178d5774f575a5fcd6934
    evr: 10.40-6.el9
    name: pcre2-utf32
    repoid: ubi-9-appstream-rpms
    size: 209174
    sourcerpm: pcre2-10.40-6.el9.src.rpm
    url: https://cdn-ubi.redhat.com/content/public/ubi/dist/ubi9/9/x86_64/appstream/os/Packages/p/pcre2-utf32-10.40-6.el9.x86_64.rpm
  - checksum: sha256:52cda881960f48be35a47ba1c54f242efac1ab0d1fd74b0e2bcb48a1723907c8
    evr: 5.74-481.el9
    name: perl-AutoLoader
    repoid: ubi-9-appstream-rpms
    size: 21821
    sourcerpm: perl-5.32.1-481.el9.src.rpm
    url: https://cdn-ubi.redhat.com/content/public/ubi/dist/ubi9/9/x86_64/appstream/os/Packages/p/perl-AutoLoader-5.74-481.el9.noarch.rpm
  - checksum: sha256:1d9743f0a5ba875908984dbe875025aa51bc62fc9d1bec3fbef12f6688c1d771
    evr: 1.80-481.el9
    name: perl-B
    repoid: ubi-9-appstream-rpms
    size: 188182
    sourcerpm: perl-5.32.1-481.el9.src.rpm
    url: https://cdn-ubi.redhat.com/content/public/ubi/dist/ubi9/9/x86_64/appstream/os/Packages/p/perl-B-1.80-481.el9.x86_64.rpm
  - checksum: sha256:c51470a55b1dce42f944bdea06a10469f5a42d55be898a33c2fed3a99843fbb2
    evr: 1.50-460.el9
    name: perl-Carp
    repoid: ubi-9-appstream-rpms
    size: 32039
    sourcerpm: perl-Carp-1.50-460.el9.src.rpm
    url: https://cdn-ubi.redhat.com/content/public/ubi/dist/ubi9/9/x86_64/appstream/os/Packages/p/perl-Carp-1.50-460.el9.noarch.rpm
  - checksum: sha256:45347749c36c4750c9083d4784700fb85c3a4c277c3bf69873a1c6ae97ee6c4b
    evr: 0.66-481.el9
    name: perl-Class-Struct
    repoid: ubi-9-appstream-rpms
    size: 22914
    sourcerpm: perl-5.32.1-481.el9.src.rpm
    url: https://cdn-ubi.redhat.com/content/public/ubi/dist/ubi9/9/x86_64/appstream/os/Packages/p/perl-Class-Struct-0.66-481.el9.noarch.rpm
  - checksum: sha256:6cd912e640cbc8785e33dae9cf07561509491a0ec76a81c01d6b7a77ad08668d
    evr: 2.174-462.el9
    name: perl-Data-Dumper
    repoid: ubi-9-appstream-rpms
    size: 59910
    sourcerpm: perl-Data-Dumper-2.174-462.el9.src.rpm
    url: https://cdn-ubi.redhat.com/content/public/ubi/dist/ubi9/9/x86_64/appstream/os/Packages/p/perl-Data-Dumper-2.174-462.el9.x86_64.rpm
  - checksum: sha256:e0b8633f818467f9e1bf46b9c0012af7bf8a309ac64e903a2a9faf3fae7705f9
    evr: 1.19-4.el9
    name: perl-Digest
    repoid: ubi-9-appstream-rpms
    size: 29409
    sourcerpm: perl-Digest-1.19-4.el9.src.rpm
    url: https://cdn-ubi.redhat.com/content/public/ubi/dist/ubi9/9/x86_64/appstream/os/Packages/p/perl-Digest-1.19-4.el9.noarch.rpm
  - checksum: sha256:2a6b21a144ae1d060e51ee2b6328c5dd1a646f429da160f386c2eb420b1220b4
    evr: 2.58-4.el9
    name: perl-Digest-MD5
    repoid: ubi-9-appstream-rpms
    size: 40274
    sourcerpm: perl-Digest-MD5-2.58-4.el9.src.rpm
    url: https://cdn-ubi.redhat.com/content/public/ubi/dist/ubi9/9/x86_64/appstream/os/Packages/p/perl-Digest-MD5-2.58-4.el9.x86_64.rpm
  - checksum: sha256:f238e85f5fe854109793f966e7e36f14165979aee78fc2de39037b9f69ca3178
    evr: 1.47-481.el9
    name: perl-DynaLoader
    repoid: ubi-9-appstream-rpms
    size: 26423
    sourcerpm: perl-5.32.1-481.el9.src.rpm
    url: https://cdn-ubi.redhat.com/content/public/ubi/dist/ubi9/9/x86_64/appstream/os/Packages/p/perl-DynaLoader-1.47-481.el9.x86_64.rpm
  - checksum: sha256:d05248697e48928be004ed4c683b04966aa452ae1e2bd81f650c6de108b46956
    evr: 4:3.08-462.el9
    name: perl-Encode
    repoid: ubi-9-appstream-rpms
    size: 1802386
    sourcerpm: perl-Encode-3.08-462.el9.src.rpm
    url: https://cdn-ubi.redhat.com/content/public/ubi/dist/ubi9/9/x86_64/appstream/os/Packages/p/perl-Encode-3.08-462.el9.x86_64.rpm
  - checksum: sha256:891006d2a5ec8528b1e7fe181a3e1617733b1050250b381f29261b70e83865ed
    evr: 1.30-481.el9
    name: perl-Errno
    repoid: ubi-9-appstream-rpms
    size: 15331
    sourcerpm: perl-5.32.1-481.el9.src.rpm
    url: https://cdn-ubi.redhat.com/content/public/ubi/dist/ubi9/9/x86_64/appstream/os/Packages/p/perl-Errno-1.30-481.el9.x86_64.rpm
  - checksum: sha256:17cecf9160050d4709f4817eceba32c637e10d8bc87487a754e8f1764b1e8b6a
    evr: 1:0.17029-7.el9
    name: perl-Error
    repoid: ubi-9-appstream-rpms
    size: 47552
    sourcerpm: perl-Error-0.17029-7.el9.src.rpm
    url: https://cdn-ubi.redhat.com/content/public/ubi/dist/ubi9/9/x86_64/appstream/os/Packages/p/perl-Error-0.17029-7.el9.noarch.rpm
  - checksum: sha256:888e14ebd70c2b69150873236b0df7c3a29c9edd488fd8488527c179e798b409
    evr: 5.74-461.el9
    name: perl-Exporter
    repoid: ubi-9-appstream-rpms
    size: 34509
    sourcerpm: perl-Exporter-5.74-461.el9.src.rpm
    url: https://cdn-ubi.redhat.com/content/public/ubi/dist/ubi9/9/x86_64/appstream/os/Packages/p/perl-Exporter-5.74-461.el9.noarch.rpm
  - checksum: sha256:726645728dabb2f1badb1c4a6170c5db29118a536cdfa482c882aaef6ed97fb4
    evr: 1.13-481.el9
    name: perl-Fcntl
    repoid: ubi-9-appstream-rpms
    size: 22098
    sourcerpm: perl-5.32.1-481.el9.src.rpm
    url: https://cdn-ubi.redhat.com/content/public/ubi/dist/ubi9/9/x86_64/appstream/os/Packages/p/perl-Fcntl-1.13-481.el9.x86_64.rpm
  - checksum: sha256:746f919f1aebc91a28f00e20eda7b41991db9e50abf2fa22cd7f8168a8f9898a
    evr: 2.85-481.el9
    name: perl-File-Basename
    repoid: ubi-9-appstream-rpms
    size: 17916
    sourcerpm: perl-5.32.1-481.el9.src.rpm
    url: https://cdn-ubi.redhat.com/content/public/ubi/dist/ubi9/9/x86_64/appstream/os/Packages/p/perl-File-Basename-2.85-481.el9.noarch.rpm
  - checksum: sha256:e388937b023c024de285a5b50fe3f44722c18207d7d854aff302f4ad3c8742f4
    evr: 1.37-481.el9
    name: perl-File-Find
    repoid: ubi-9-appstream-rpms
    size: 26277
    sourcerpm: perl-5.32.1-481.el9.src.rpm
    url: https://cdn-ubi.redhat.com/content/public/ubi/dist/ubi9/9/x86_64/appstream/os/Packages/p/perl-File-Find-1.37-481.el9.noarch.rpm
  - checksum: sha256:d1df5e509c10365eaa329a0b97e38bc2667874240d3942195eb6ce7a88985a41
    evr: 2.18-4.el9
    name: perl-File-Path
    repoid: ubi-9-appstream-rpms
    size: 38466
    sourcerpm: perl-File-Path-2.18-4.el9.src.rpm
    url: https://cdn-ubi.redhat.com/content/public/ubi/dist/ubi9/9/x86_64/appstream/os/Packages/p/perl-File-Path-2.18-4.el9.noarch.rpm
  - checksum: sha256:0a81b062391ac6dac3ec28ff1e435001dd798cf1ff19fdb52cfe1e0720d5de03
    evr: 1:0.231.100-4.el9
    name: perl-File-Temp
    repoid: ubi-9-appstream-rpms
    size: 64150
    sourcerpm: perl-File-Temp-0.231.100-4.el9.src.rpm
    url: https://cdn-ubi.redhat.com/content/public/ubi/dist/ubi9/9/x86_64/appstream/os/Packages/p/perl-File-Temp-0.231.100-4.el9.noarch.rpm
  - checksum: sha256:355aba30d043f829e4e7e70466564ba85f65f7a2416aba0ceddfc9e59288aab4
    evr: 1.09-481.el9
    name: perl-File-stat
    repoid: ubi-9-appstream-rpms
    size: 17853
    sourcerpm: perl-5.32.1-481.el9.src.rpm
    url: https://cdn-ubi.redhat.com/content/public/ubi/dist/ubi9/9/x86_64/appstream/os/Packages/p/perl-File-stat-1.09-481.el9.noarch.rpm
  - checksum: sha256:480ac4c1de2c1e1f94ed8895793b93d96bd50dc95e6e4fa9c39a82a24998f717
    evr: 2.03-481.el9
    name: perl-FileHandle
    repoid: ubi-9-appstream-rpms
    size: 15921
    sourcerpm: perl-5.32.1-481.el9.src.rpm
    url: https://cdn-ubi.redhat.com/content/public/ubi/dist/ubi9/9/x86_64/appstream/os/Packages/p/perl-FileHandle-2.03-481.el9.noarch.rpm
  - checksum: sha256:055fe33d2a7a421c1de8902b86a2f246ef6457774239d04b604f2d0ec6a00a14
    evr: 1:2.52-4.el9
    name: perl-Getopt-Long
    repoid: ubi-9-appstream-rpms
    size: 65144
    sourcerpm: perl-Getopt-Long-2.52-4.el9.src.rpm
    url: https://cdn-ubi.redhat.com/content/public/ubi/dist/ubi9/9/x86_64/appstream/os/Packages/p/perl-Getopt-Long-2.52-4.el9.noarch.rpm
  - checksum: sha256:c9c6209474ec44ca5b070ffb147589359c551757f95b358a8f35d2627c4950cf
    evr: 1.12-481.el9
    name: perl-Getopt-Std
    repoid: ubi-9-appstream-rpms
    size: 16222
    sourcerpm: perl-5.32.1-481.el9.src.rpm
    url: https://cdn-ubi.redhat.com/content/public/ubi/dist/ubi9/9/x86_64/appstream/os/Packages/p/perl-Getopt-Std-1.12-481.el9.noarch.rpm
  - checksum: sha256:fbbbc3d118ac4fd256e35369696fca5e8bff18a7c6cdcf8c2a8e1b5042047ef1
    evr: 2.43.5-2.el9_5
    name: perl-Git
    repoid: ubi-9-appstream-rpms
    size: 40421
    sourcerpm: git-2.43.5-2.el9_5.src.rpm
    url: https://cdn-ubi.redhat.com/content/public/ubi/dist/ubi9/9/x86_64/appstream/os/Packages/p/perl-Git-2.43.5-2.el9_5.noarch.rpm
  - checksum: sha256:696f388a50f5be81596757d68251067449203e1c126ee8c23a7c5a0ad1ac5418
    evr: 0.076-462.el9
    name: perl-HTTP-Tiny
    repoid: ubi-9-appstream-rpms
    size: 58720
    sourcerpm: perl-HTTP-Tiny-0.076-462.el9.src.rpm
    url: https://cdn-ubi.redhat.com/content/public/ubi/dist/ubi9/9/x86_64/appstream/os/Packages/p/perl-HTTP-Tiny-0.076-462.el9.noarch.rpm
  - checksum: sha256:dc85c28902667c1bd3c6f19b6a08bdda5e1d25b11e832b269e15fde94e6ab52d
    evr: 1.43-481.el9
    name: perl-IO
    repoid: ubi-9-appstream-rpms
    size: 94663
    sourcerpm: perl-5.32.1-481.el9.src.rpm
    url: https://cdn-ubi.redhat.com/content/public/ubi/dist/ubi9/9/x86_64/appstream/os/Packages/p/perl-IO-1.43-481.el9.x86_64.rpm
  - checksum: sha256:4c80030ce256198584c4a58171b9dfe3adb4a8d7593110229e40ece76786a32f
    evr: 0.41-5.el9
    name: perl-IO-Socket-IP
    repoid: ubi-9-appstream-rpms
    size: 46457
    sourcerpm: perl-IO-Socket-IP-0.41-5.el9.src.rpm
    url: https://cdn-ubi.redhat.com/content/public/ubi/dist/ubi9/9/x86_64/appstream/os/Packages/p/perl-IO-Socket-IP-0.41-5.el9.noarch.rpm
  - checksum: sha256:b52d5b6a5081e3c142b2364b3f1ef58f569b39052df045f24363de9bb4f9cfd2
    evr: 2.073-2.el9
    name: perl-IO-Socket-SSL
    repoid: ubi-9-appstream-rpms
    size: 226003
    sourcerpm: perl-IO-Socket-SSL-2.073-2.el9.src.rpm
    url: https://cdn-ubi.redhat.com/content/public/ubi/dist/ubi9/9/x86_64/appstream/os/Packages/p/perl-IO-Socket-SSL-2.073-2.el9.noarch.rpm
  - checksum: sha256:422c83bcdd2f84d9751fe4ea289e6bc8bfbc41e6540d6482671317fbc2ff1a17
    evr: 1.21-481.el9
    name: perl-IPC-Open3
    repoid: ubi-9-appstream-rpms
    size: 24124
    sourcerpm: perl-5.32.1-481.el9.src.rpm
    url: https://cdn-ubi.redhat.com/content/public/ubi/dist/ubi9/9/x86_64/appstream/os/Packages/p/perl-IPC-Open3-1.21-481.el9.noarch.rpm
  - checksum: sha256:3ae8affe13cc15cfaee1c6dd078ada14891dde5dca263927a9b5ed87f241d2c0
    evr: 3.16-4.el9
    name: perl-MIME-Base64
    repoid: ubi-9-appstream-rpms
    size: 35058
    sourcerpm: perl-MIME-Base64-3.16-4.el9.src.rpm
    url: https://cdn-ubi.redhat.com/content/public/ubi/dist/ubi9/9/x86_64/appstream/os/Packages/p/perl-MIME-Base64-3.16-4.el9.x86_64.rpm
  - checksum: sha256:99030bfb6a1a2ac41e0720841abaa8ba58c26e91640f4058cc6133e227e928a7
    evr: 20200520-6.el9
    name: perl-Mozilla-CA
    repoid: ubi-9-appstream-rpms
    size: 14781
    sourcerpm: perl-Mozilla-CA-20200520-6.el9.src.rpm
    url: https://cdn-ubi.redhat.com/content/public/ubi/dist/ubi9/9/x86_64/appstream/os/Packages/p/perl-Mozilla-CA-20200520-6.el9.noarch.rpm
  - checksum: sha256:fbd179e177943079b17db7c887b77dcca46b009ae41d85da5c16e1f33d20a1c9
    evr: 1.15-481.el9
    name: perl-NDBM_File
    repoid: ubi-9-appstream-rpms
    size: 23899
    sourcerpm: perl-5.32.1-481.el9.src.rpm
    url: https://cdn-ubi.redhat.com/content/public/ubi/dist/ubi9/9/x86_64/appstream/os/Packages/p/perl-NDBM_File-1.15-481.el9.x86_64.rpm
  - checksum: sha256:d8ed17b9700c4acee11a339c9e0814862ad5b20e072c1414021dcb050c7da90b
    evr: 1.94-1.el9
    name: perl-Net-SSLeay
    repoid: ubi-9-appstream-rpms
    size: 428188
    sourcerpm: perl-Net-SSLeay-1.94-1.el9.src.rpm
    url: https://cdn-ubi.redhat.com/content/public/ubi/dist/ubi9/9/x86_64/appstream/os/Packages/p/perl-Net-SSLeay-1.94-1.el9.x86_64.rpm
  - checksum: sha256:70b078b5b692c8d8b26600ae4868b50d613289a89c50b702109bce542d2c8888
    evr: 1.94-481.el9
    name: perl-POSIX
    repoid: ubi-9-appstream-rpms
    size: 100044
    sourcerpm: perl-5.32.1-481.el9.src.rpm
    url: https://cdn-ubi.redhat.com/content/public/ubi/dist/ubi9/9/x86_64/appstream/os/Packages/p/perl-POSIX-1.94-481.el9.x86_64.rpm
  - checksum: sha256:0647785b169c4bbdc65adf06d28981ce7fd1c9f93aecaa4e53a4515a21ebbf81
    evr: 3.78-461.el9
    name: perl-PathTools
    repoid: ubi-9-appstream-rpms
    size: 94564
    sourcerpm: perl-PathTools-3.78-461.el9.src.rpm
    url: https://cdn-ubi.redhat.com/content/public/ubi/dist/ubi9/9/x86_64/appstream/os/Packages/p/perl-PathTools-3.78-461.el9.x86_64.rpm
  - checksum: sha256:42fa08cc02a405933395316610a56e2bff58f6f7be16e9a063ec634747199bc0
    evr: 1:1.07-460.el9
    name: perl-Pod-Escapes
    repoid: ubi-9-appstream-rpms
    size: 22564
    sourcerpm: perl-Pod-Escapes-1.07-460.el9.src.rpm
    url: https://cdn-ubi.redhat.com/content/public/ubi/dist/ubi9/9/x86_64/appstream/os/Packages/p/perl-Pod-Escapes-1.07-460.el9.noarch.rpm
  - checksum: sha256:db3285dbe77ddc822d6bb847f857ea7032786cf7996b26d6c01481903b6d26e0
    evr: 3.28.01-461.el9
    name: perl-Pod-Perldoc
    repoid: ubi-9-appstream-rpms
    size: 93727
    sourcerpm: perl-Pod-Perldoc-3.28.01-461.el9.src.rpm
    url: https://cdn-ubi.redhat.com/content/public/ubi/dist/ubi9/9/x86_64/appstream/os/Packages/p/perl-Pod-Perldoc-3.28.01-461.el9.noarch.rpm
  - checksum: sha256:2752454ce47a46227c6b7b98a5d9a25dcf3a992f27109a726744a66cd93c7b9a
    evr: 1:3.42-4.el9
    name: perl-Pod-Simple
    repoid: ubi-9-appstream-rpms
    size: 234403
    sourcerpm: perl-Pod-Simple-3.42-4.el9.src.rpm
    url: https://cdn-ubi.redhat.com/content/public/ubi/dist/ubi9/9/x86_64/appstream/os/Packages/p/perl-Pod-Simple-3.42-4.el9.noarch.rpm
  - checksum: sha256:c170870a2d1ff32048d13497fa67c382fe5aaf3d8d21bae639356ac28003dba9
    evr: 4:2.01-4.el9
    name: perl-Pod-Usage
    repoid: ubi-9-appstream-rpms
    size: 44477
    sourcerpm: perl-Pod-Usage-2.01-4.el9.src.rpm
    url: https://cdn-ubi.redhat.com/content/public/ubi/dist/ubi9/9/x86_64/appstream/os/Packages/p/perl-Pod-Usage-2.01-4.el9.noarch.rpm
  - checksum: sha256:7ce874bde7d9ad15abf70a3b7edbab77548eb2eb8b529c1e48b2426ee7f948f9
    evr: 4:1.56-462.el9
    name: perl-Scalar-List-Utils
    repoid: ubi-9-appstream-rpms
    size: 77262
    sourcerpm: perl-Scalar-List-Utils-1.56-462.el9.src.rpm
    url: https://cdn-ubi.redhat.com/content/public/ubi/dist/ubi9/9/x86_64/appstream/os/Packages/p/perl-Scalar-List-Utils-1.56-462.el9.x86_64.rpm
  - checksum: sha256:c4f02fdf5b501ab67b4824fc4473ba420f482254ad82e90b546d9b10a5464820
    evr: 1.02-481.el9
    name: perl-SelectSaver
    repoid: ubi-9-appstream-rpms
    size: 12017
    sourcerpm: perl-5.32.1-481.el9.src.rpm
    url: https://cdn-ubi.redhat.com/content/public/ubi/dist/ubi9/9/x86_64/appstream/os/Packages/p/perl-SelectSaver-1.02-481.el9.noarch.rpm
  - checksum: sha256:762751146305f9aea53b74a21495a610e7bdde956fa3246565d265b1128b56a8
    evr: 4:2.031-4.el9
    name: perl-Socket
    repoid: ubi-9-appstream-rpms
    size: 59776
    sourcerpm: perl-Socket-2.031-4.el9.src.rpm
    url: https://cdn-ubi.redhat.com/content/public/ubi/dist/ubi9/9/x86_64/appstream/os/Packages/p/perl-Socket-2.031-4.el9.x86_64.rpm
  - checksum: sha256:0097fdb40a1f83e56d5bf91160c07151b7cdd64f829fc0e328cdf3b43c2b4fa6
    evr: 1:3.21-460.el9
    name: perl-Storable
    repoid: ubi-9-appstream-rpms
    size: 100335
    sourcerpm: perl-Storable-3.21-460.el9.src.rpm
    url: https://cdn-ubi.redhat.com/content/public/ubi/dist/ubi9/9/x86_64/appstream/os/Packages/p/perl-Storable-3.21-460.el9.x86_64.rpm
  - checksum: sha256:2364cd3b0a19572b16a1379c228046a405851bcd0676860a6aeb9bcb3869498f
    evr: 1.08-481.el9
    name: perl-Symbol
    repoid: ubi-9-appstream-rpms
    size: 14535
    sourcerpm: perl-5.32.1-481.el9.src.rpm
    url: https://cdn-ubi.redhat.com/content/public/ubi/dist/ubi9/9/x86_64/appstream/os/Packages/p/perl-Symbol-1.08-481.el9.noarch.rpm
  - checksum: sha256:996148d460395369394e9d4721e9000c5b2fa34ee800390a4a9d885b6db95b23
    evr: 5.01-461.el9
    name: perl-Term-ANSIColor
    repoid: ubi-9-appstream-rpms
    size: 52228
    sourcerpm: perl-Term-ANSIColor-5.01-461.el9.src.rpm
    url: https://cdn-ubi.redhat.com/content/public/ubi/dist/ubi9/9/x86_64/appstream/os/Packages/p/perl-Term-ANSIColor-5.01-461.el9.noarch.rpm
  - checksum: sha256:015a6d02b9c84bd353680d4bad61f3c8d297c53c3a43325e08e4ac4b48f97f17
    evr: 1.17-460.el9
    name: perl-Term-Cap
    repoid: ubi-9-appstream-rpms
    size: 25043
    sourcerpm: perl-Term-Cap-1.17-460.el9.src.rpm
    url: https://cdn-ubi.redhat.com/content/public/ubi/dist/ubi9/9/x86_64/appstream/os/Packages/p/perl-Term-Cap-1.17-460.el9.noarch.rpm
  - checksum: sha256:5ff266e740a93344e1ce2913f4bec0f38cfdf721841e6762d85ac21d716ee9f8
    evr: 2.38-11.el9
    name: perl-TermReadKey
    repoid: ubi-9-appstream-rpms
    size: 41023
    sourcerpm: perl-TermReadKey-2.38-11.el9.src.rpm
    url: https://cdn-ubi.redhat.com/content/public/ubi/dist/ubi9/9/x86_64/appstream/os/Packages/p/perl-TermReadKey-2.38-11.el9.x86_64.rpm
  - checksum: sha256:4d47f3ba0ce454be5d781e968cfe15f01f393e68a47c415f35c0d88358ab4af9
    evr: 3.30-460.el9
    name: perl-Text-ParseWords
    repoid: ubi-9-appstream-rpms
    size: 18680
    sourcerpm: perl-Text-ParseWords-3.30-460.el9.src.rpm
    url: https://cdn-ubi.redhat.com/content/public/ubi/dist/ubi9/9/x86_64/appstream/os/Packages/p/perl-Text-ParseWords-3.30-460.el9.noarch.rpm
  - checksum: sha256:5ad6ef70bbb4ba8d5cfd6ee0b3dda0ddc8cf0103199959499944019a66f7edcd
    evr: 2013.0523-460.el9
    name: perl-Text-Tabs+Wrap
    repoid: ubi-9-appstream-rpms
    size: 25935
    sourcerpm: perl-Text-Tabs+Wrap-2013.0523-460.el9.src.rpm
    url: https://cdn-ubi.redhat.com/content/public/ubi/dist/ubi9/9/x86_64/appstream/os/Packages/p/perl-Text-Tabs+Wrap-2013.0523-460.el9.noarch.rpm
  - checksum: sha256:e8e1e692b6e52cdb69515b2ad44b84ca71917bea5f47908cb9ae89b2bbd145a1
    evr: 2:1.300-7.el9
    name: perl-Time-Local
    repoid: ubi-9-appstream-rpms
    size: 37469
    sourcerpm: perl-Time-Local-1.300-7.el9.src.rpm
    url: https://cdn-ubi.redhat.com/content/public/ubi/dist/ubi9/9/x86_64/appstream/os/Packages/p/perl-Time-Local-1.300-7.el9.noarch.rpm
  - checksum: sha256:1635b7d818e4f70445f7207f13e058c63c5d1f5aa081cfd2583912ae45f8e1bd
    evr: 5.09-3.el9
    name: perl-URI
    repoid: ubi-9-appstream-rpms
    size: 128279
    sourcerpm: perl-URI-5.09-3.el9.src.rpm
    url: https://cdn-ubi.redhat.com/content/public/ubi/dist/ubi9/9/x86_64/appstream/os/Packages/p/perl-URI-5.09-3.el9.noarch.rpm
  - checksum: sha256:dab1d27f285d579c9783e80817f98a2835e7bf06842d704a7f85cfdb7ab4b0a3
    evr: 2.27-481.el9
    name: perl-base
    repoid: ubi-9-appstream-rpms
    size: 16674
    sourcerpm: perl-5.32.1-481.el9.src.rpm
    url: https://cdn-ubi.redhat.com/content/public/ubi/dist/ubi9/9/x86_64/appstream/os/Packages/p/perl-base-2.27-481.el9.noarch.rpm
  - checksum: sha256:8ab94e13cab4e7eee081c7618ea7738b072d8093631d97b8b1f83bff893cf892
    evr: 1.33-461.el9
    name: perl-constant
    repoid: ubi-9-appstream-rpms
    size: 25865
    sourcerpm: perl-constant-1.33-461.el9.src.rpm
    url: https://cdn-ubi.redhat.com/content/public/ubi/dist/ubi9/9/x86_64/appstream/os/Packages/p/perl-constant-1.33-461.el9.noarch.rpm
  - checksum: sha256:714022b8937ed9c6d4638b99aef0a8426b782e7948019b50b06d9cd2e32e454a
    evr: 0.60.800-481.el9
    name: perl-if
    repoid: ubi-9-appstream-rpms
    size: 14343
    sourcerpm: perl-5.32.1-481.el9.src.rpm
    url: https://cdn-ubi.redhat.com/content/public/ubi/dist/ubi9/9/x86_64/appstream/os/Packages/p/perl-if-0.60.800-481.el9.noarch.rpm
  - checksum: sha256:359a94a09f0082a637c5bc2aa4ddac23dd79e929daa38dfed85d0e1afff31fba
    evr: 4:5.32.1-481.el9
    name: perl-interpreter
    repoid: ubi-9-appstream-rpms
    size: 74840
    sourcerpm: perl-5.32.1-481.el9.src.rpm
    url: https://cdn-ubi.redhat.com/content/public/ubi/dist/ubi9/9/x86_64/appstream/os/Packages/p/perl-interpreter-5.32.1-481.el9.x86_64.rpm
  - checksum: sha256:89bf58fb4d09ec404ea98063d4a7099ff00b59e9a9e0bb04067f48e3fb581083
    evr: 0.65-481.el9
    name: perl-lib
    repoid: ubi-9-appstream-rpms
    size: 15318
    sourcerpm: perl-5.32.1-481.el9.src.rpm
    url: https://cdn-ubi.redhat.com/content/public/ubi/dist/ubi9/9/x86_64/appstream/os/Packages/p/perl-lib-0.65-481.el9.x86_64.rpm
  - checksum: sha256:79156f91a2ee21fb96f10e331047c55ff913e36f9a13ff89d0a479f0fc4dcb98
    evr: 3.13-4.el9
    name: perl-libnet
    repoid: ubi-9-appstream-rpms
    size: 137289
    sourcerpm: perl-libnet-3.13-4.el9.src.rpm
    url: https://cdn-ubi.redhat.com/content/public/ubi/dist/ubi9/9/x86_64/appstream/os/Packages/p/perl-libnet-3.13-4.el9.noarch.rpm
  - checksum: sha256:d20aebf4d96f4ad0e7dc97b63bbe41baa6f927a34eac9068a22f1d62e71611dc
    evr: 4:5.32.1-481.el9
    name: perl-libs
    repoid: ubi-9-appstream-rpms
    size: 2303445
    sourcerpm: perl-5.32.1-481.el9.src.rpm
    url: https://cdn-ubi.redhat.com/content/public/ubi/dist/ubi9/9/x86_64/appstream/os/Packages/p/perl-libs-5.32.1-481.el9.x86_64.rpm
  - checksum: sha256:3cf76960b8c866deebf333a9dfd64a7dd9f4689cb82e37d0c0ddab2c031b3651
    evr: 1.23-481.el9
    name: perl-mro
    repoid: ubi-9-appstream-rpms
    size: 30125
    sourcerpm: perl-5.32.1-481.el9.src.rpm
    url: https://cdn-ubi.redhat.com/content/public/ubi/dist/ubi9/9/x86_64/appstream/os/Packages/p/perl-mro-1.23-481.el9.x86_64.rpm
  - checksum: sha256:813598b9d9a3ada4975144cf0dd0f25906589a92c7708556dcbf464501d72848
    evr: 1.31-481.el9
    name: perl-overload
    repoid: ubi-9-appstream-rpms
    size: 46643
    sourcerpm: perl-5.32.1-481.el9.src.rpm
    url: https://cdn-ubi.redhat.com/content/public/ubi/dist/ubi9/9/x86_64/appstream/os/Packages/p/perl-overload-1.31-481.el9.noarch.rpm
  - checksum: sha256:feca093162af099f769448e95170a357f2d2bd66da36299d1a999782d57da51d
    evr: 0.02-481.el9
    name: perl-overloading
    repoid: ubi-9-appstream-rpms
    size: 13658
    sourcerpm: perl-5.32.1-481.el9.src.rpm
    url: https://cdn-ubi.redhat.com/content/public/ubi/dist/ubi9/9/x86_64/appstream/os/Packages/p/perl-overloading-0.02-481.el9.noarch.rpm
  - checksum: sha256:a9b2ccc25a5ed5cc024935ef573772e203ed363f67dd5acc0d2ad5907498c463
    evr: 1:0.238-460.el9
    name: perl-parent
    repoid: ubi-9-appstream-rpms
    size: 16286
    sourcerpm: perl-parent-0.238-460.el9.src.rpm
    url: https://cdn-ubi.redhat.com/content/public/ubi/dist/ubi9/9/x86_64/appstream/os/Packages/p/perl-parent-0.238-460.el9.noarch.rpm
  - checksum: sha256:0401f715522a14b53956bccb60954025ad18a73802f7144ab0160d8504951a98
    evr: 1:4.14-460.el9
    name: perl-podlators
    repoid: ubi-9-appstream-rpms
    size: 121317
    sourcerpm: perl-podlators-4.14-460.el9.src.rpm
    url: https://cdn-ubi.redhat.com/content/public/ubi/dist/ubi9/9/x86_64/appstream/os/Packages/p/perl-podlators-4.14-460.el9.noarch.rpm
  - checksum: sha256:df6327eb3774c2254fc45c630cedf3b32b3bdd7f146bf25ffe0342f9904dac43
    evr: 1.03-481.el9
    name: perl-subs
    repoid: ubi-9-appstream-rpms
    size: 11986
    sourcerpm: perl-5.32.1-481.el9.src.rpm
    url: https://cdn-ubi.redhat.com/content/public/ubi/dist/ubi9/9/x86_64/appstream/os/Packages/p/perl-subs-1.03-481.el9.noarch.rpm
  - checksum: sha256:c54caddd2a5adaf84088833a9eb126e772b6db090800c3293b819f432ddd6b6c
    evr: 1.05-481.el9
    name: perl-vars
    repoid: ubi-9-appstream-rpms
    size: 13347
    sourcerpm: perl-5.32.1-481.el9.src.rpm
    url: https://cdn-ubi.redhat.com/content/public/ubi/dist/ubi9/9/x86_64/appstream/os/Packages/p/perl-vars-1.05-481.el9.noarch.rpm
  - checksum: sha256:bb47b4ecc499c308f41031a99e723827d152d5d750f59849d0c265d820944a26
    evr: 1.7.3-10.el9
    name: pkgconf
    repoid: ubi-9-baseos-rpms
    size: 45675
    sourcerpm: pkgconf-1.7.3-10.el9.src.rpm
    url: https://cdn-ubi.redhat.com/content/public/ubi/dist/ubi9/9/x86_64/baseos/os/Packages/p/pkgconf-1.7.3-10.el9.x86_64.rpm
  - checksum: sha256:91bafd6e06099451f60288327b275cfcc651822f6145176a157c6b0fa5131e02
    evr: 1.7.3-10.el9
    name: pkgconf-m4
    repoid: ubi-9-baseos-rpms
    size: 16054
    sourcerpm: pkgconf-1.7.3-10.el9.src.rpm
    url: https://cdn-ubi.redhat.com/content/public/ubi/dist/ubi9/9/x86_64/baseos/os/Packages/p/pkgconf-m4-1.7.3-10.el9.noarch.rpm
  - checksum: sha256:9a502d81d73d3303ceb53a06ad7ce525c97117ea64352174a33708bf3429283d
    evr: 1.7.3-10.el9
    name: pkgconf-pkg-config
    repoid: ubi-9-baseos-rpms
    size: 12438
    sourcerpm: pkgconf-1.7.3-10.el9.src.rpm
    url: https://cdn-ubi.redhat.com/content/public/ubi/dist/ubi9/9/x86_64/baseos/os/Packages/p/pkgconf-pkg-config-1.7.3-10.el9.x86_64.rpm
  - checksum: sha256:a1919c072e40b6df914adf4a675553d15ba435caef1795ee0d32e859e1a98d4e
    evr: 252-46.el9_5.3
    name: systemd
    repoid: ubi-9-baseos-rpms
    size: 4418541
    sourcerpm: systemd-252-46.el9_5.3.src.rpm
    url: https://cdn-ubi.redhat.com/content/public/ubi/dist/ubi9/9/x86_64/baseos/os/Packages/s/systemd-252-46.el9_5.3.x86_64.rpm
  - checksum: sha256:a81d0de9d26cb7624b996008222bbf320c8ba1e622d99912d511acad3c24806c
    evr: 252-46.el9_5.3
    name: systemd-pam
    repoid: ubi-9-baseos-rpms
    size: 289540
    sourcerpm: systemd-252-46.el9_5.3.src.rpm
    url: https://cdn-ubi.redhat.com/content/public/ubi/dist/ubi9/9/x86_64/baseos/os/Packages/s/systemd-pam-252-46.el9_5.3.x86_64.rpm
  - checksum: sha256:27986549f3989379fa0f88ce42666a331c7448a2e1035da8c8680f9e5165dc92
    evr: 252-46.el9_5.3
    name: systemd-rpm-macros
    repoid: ubi-9-baseos-rpms
    size: 73178
    sourcerpm: systemd-252-46.el9_5.3.src.rpm
    url: https://cdn-ubi.redhat.com/content/public/ubi/dist/ubi9/9/x86_64/baseos/os/Packages/s/systemd-rpm-macros-252-46.el9_5.3.noarch.rpm
  - checksum: sha256:812b87a70ec6f88e493f15b66453112bc67f11576d4d7fa70ad85e914ead366a
    evr: 2.37.4-20.el9
    name: util-linux
    repoid: ubi-9-baseos-rpms
    size: 2396057
    sourcerpm: util-linux-2.37.4-20.el9.src.rpm
    url: https://cdn-ubi.redhat.com/content/public/ubi/dist/ubi9/9/x86_64/baseos/os/Packages/u/util-linux-2.37.4-20.el9.x86_64.rpm
  - checksum: sha256:28cef63cbaf5dedcb87404321027634bd4abcf0ee195879882240942260f60a6
    evr: 2.37.4-20.el9
    name: util-linux-core
    repoid: ubi-9-baseos-rpms
    size: 479544
    sourcerpm: util-linux-2.37.4-20.el9.src.rpm
    url: https://cdn-ubi.redhat.com/content/public/ubi/dist/ubi9/9/x86_64/baseos/os/Packages/u/util-linux-core-2.37.4-20.el9.x86_64.rpm
  source: []
lockfileVendor: redhat
lockfileVersion: 1
